// !$*UTF8*$!
{
	archiveVersion = 1;
	classes = {
	};
	objectVersion = 46;
	objects = {

/* Begin PBXBuildFile section */
		18CCADF41C5E8764008950F2 /* MapViewController.swift in Sources */ = {isa = PBXBuildFile; fileRef = 18CCADF31C5E8764008950F2 /* MapViewController.swift */; };
		C50809441C5EC0C90050917A /* TripTableViewCell.swift in Sources */ = {isa = PBXBuildFile; fileRef = C50809431C5EC0C90050917A /* TripTableViewCell.swift */; };
		C52BAC581C5C3D7800FAD67F /* AppDelegate.swift in Sources */ = {isa = PBXBuildFile; fileRef = C52BAC571C5C3D7800FAD67F /* AppDelegate.swift */; };
		C52BAC5D1C5C3D7800FAD67F /* Main.storyboard in Resources */ = {isa = PBXBuildFile; fileRef = C52BAC5B1C5C3D7800FAD67F /* Main.storyboard */; };
		C52BAC5F1C5C3D7800FAD67F /* Assets.xcassets in Resources */ = {isa = PBXBuildFile; fileRef = C52BAC5E1C5C3D7800FAD67F /* Assets.xcassets */; };
		C52BAC6A1C5C3D7800FAD67F /* tvChallengeUITests.swift in Sources */ = {isa = PBXBuildFile; fileRef = C52BAC691C5C3D7800FAD67F /* tvChallengeUITests.swift */; };
		C55695981C5EC83F00DA7DC2 /* CloudKit.framework in Frameworks */ = {isa = PBXBuildFile; fileRef = C59E57961C5E91DC00724052 /* CloudKit.framework */; };
		C57A642C1C5EA92900520CF1 /* ViewController.swift in Sources */ = {isa = PBXBuildFile; fileRef = C57A642B1C5EA92900520CF1 /* ViewController.swift */; };
		C59B5D7A1C5AFA8D008CF5CA /* AppDelegate.swift in Sources */ = {isa = PBXBuildFile; fileRef = C59B5D791C5AFA8D008CF5CA /* AppDelegate.swift */; };
		C59B5D7F1C5AFA8D008CF5CA /* Main.storyboard in Resources */ = {isa = PBXBuildFile; fileRef = C59B5D7D1C5AFA8D008CF5CA /* Main.storyboard */; };
		C59B5D811C5AFA8D008CF5CA /* Assets.xcassets in Resources */ = {isa = PBXBuildFile; fileRef = C59B5D801C5AFA8D008CF5CA /* Assets.xcassets */; };
		C59B5D8F1C5AFA8D008CF5CA /* iOSChallengeUITests.swift in Sources */ = {isa = PBXBuildFile; fileRef = C59B5D8E1C5AFA8D008CF5CA /* iOSChallengeUITests.swift */; };
		C59B5D9A1C5B056C008CF5CA /* TripTableViewController.swift in Sources */ = {isa = PBXBuildFile; fileRef = C59B5D991C5B056C008CF5CA /* TripTableViewController.swift */; };
		C59B5D9D1C5B06A9008CF5CA /* Trip.swift in Sources */ = {isa = PBXBuildFile; fileRef = C59B5D9C1C5B06A9008CF5CA /* Trip.swift */; };
		C59B5D9F1C5B09E4008CF5CA /* TripTableViewCell.swift in Sources */ = {isa = PBXBuildFile; fileRef = C59B5D9E1C5B09E4008CF5CA /* TripTableViewCell.swift */; };
		C59B5DA11C5B0E1D008CF5CA /* PhotoViewController.swift in Sources */ = {isa = PBXBuildFile; fileRef = C59B5DA01C5B0E1D008CF5CA /* PhotoViewController.swift */; };
		C59B5DA51C5B12D7008CF5CA /* LaunchScreen.xib in Resources */ = {isa = PBXBuildFile; fileRef = C59B5DA41C5B12D7008CF5CA /* LaunchScreen.xib */; };
		C59E57891C5E7AF400724052 /* FileHelperFunctions.swift in Sources */ = {isa = PBXBuildFile; fileRef = C5FEA88A1C5C0ED900C3138F /* FileHelperFunctions.swift */; };
		C59E578A1C5E7AF400724052 /* Trip.swift in Sources */ = {isa = PBXBuildFile; fileRef = C59B5D9C1C5B06A9008CF5CA /* Trip.swift */; };
		C59E578B1C5E7AF400724052 /* Moment.swift in Sources */ = {isa = PBXBuildFile; fileRef = C5E43D6F1C5D273E0041E330 /* Moment.swift */; };
		C59E57911C5E7DA000724052 /* TripViewController.swift in Sources */ = {isa = PBXBuildFile; fileRef = C59E57901C5E7DA000724052 /* TripViewController.swift */; };
		C59E57951C5E91D000724052 /* CloudKit.framework in Frameworks */ = {isa = PBXBuildFile; fileRef = C59E57941C5E91D000724052 /* CloudKit.framework */; };
		C5E43D6E1C5D252E0041E330 /* TripCollectionViewCell.swift in Sources */ = {isa = PBXBuildFile; fileRef = C5E43D6D1C5D252E0041E330 /* TripCollectionViewCell.swift */; };
		C5E43D701C5D273E0041E330 /* Moment.swift in Sources */ = {isa = PBXBuildFile; fileRef = C5E43D6F1C5D273E0041E330 /* Moment.swift */; };
		C5E43D721C5E75030041E330 /* TripTableViewController.swift in Sources */ = {isa = PBXBuildFile; fileRef = C5E43D711C5E75030041E330 /* TripTableViewController.swift */; };
		C5FEA8891C5BFF4E00C3138F /* TripViewController.swift in Sources */ = {isa = PBXBuildFile; fileRef = C5FEA8881C5BFF4E00C3138F /* TripViewController.swift */; };
		C5FEA88B1C5C0ED900C3138F /* FileHelperFunctions.swift in Sources */ = {isa = PBXBuildFile; fileRef = C5FEA88A1C5C0ED900C3138F /* FileHelperFunctions.swift */; };
		C5FEA88D1C5C210400C3138F /* MapKit.framework in Frameworks */ = {isa = PBXBuildFile; fileRef = C5FEA88C1C5C210400C3138F /* MapKit.framework */; };
/* End PBXBuildFile section */

/* Begin PBXContainerItemProxy section */
		C52BAC661C5C3D7800FAD67F /* PBXContainerItemProxy */ = {
			isa = PBXContainerItemProxy;
			containerPortal = C59B5D6E1C5AFA8D008CF5CA /* Project object */;
			proxyType = 1;
			remoteGlobalIDString = C52BAC541C5C3D7800FAD67F;
			remoteInfo = tvChallenge;
		};
		C59B5D8B1C5AFA8D008CF5CA /* PBXContainerItemProxy */ = {
			isa = PBXContainerItemProxy;
			containerPortal = C59B5D6E1C5AFA8D008CF5CA /* Project object */;
			proxyType = 1;
			remoteGlobalIDString = C59B5D751C5AFA8D008CF5CA;
			remoteInfo = iOSChallenge;
		};
/* End PBXContainerItemProxy section */

/* Begin PBXFileReference section */
		18CCADF31C5E8764008950F2 /* MapViewController.swift */ = {isa = PBXFileReference; fileEncoding = 4; lastKnownFileType = sourcecode.swift; path = MapViewController.swift; sourceTree = "<group>"; };
		C50809431C5EC0C90050917A /* TripTableViewCell.swift */ = {isa = PBXFileReference; fileEncoding = 4; lastKnownFileType = sourcecode.swift; name = TripTableViewCell.swift; path = tvChallenge/TVVC/TripTableViewCell.swift; sourceTree = SOURCE_ROOT; };
		C52BAC4E1C5C3B4000FAD67F /* iOSChallenge.entitlements */ = {isa = PBXFileReference; lastKnownFileType = text.xml; path = iOSChallenge.entitlements; sourceTree = "<group>"; };
		C52BAC551C5C3D7800FAD67F /* tvChallenge.app */ = {isa = PBXFileReference; explicitFileType = wrapper.application; includeInIndex = 0; path = tvChallenge.app; sourceTree = BUILT_PRODUCTS_DIR; };
		C52BAC571C5C3D7800FAD67F /* AppDelegate.swift */ = {isa = PBXFileReference; lastKnownFileType = sourcecode.swift; path = AppDelegate.swift; sourceTree = "<group>"; };
		C52BAC5C1C5C3D7800FAD67F /* Base */ = {isa = PBXFileReference; lastKnownFileType = file.storyboard; name = Base; path = Base.lproj/Main.storyboard; sourceTree = "<group>"; };
		C52BAC5E1C5C3D7800FAD67F /* Assets.xcassets */ = {isa = PBXFileReference; lastKnownFileType = folder.assetcatalog; path = Assets.xcassets; sourceTree = "<group>"; };
		C52BAC601C5C3D7800FAD67F /* Info.plist */ = {isa = PBXFileReference; lastKnownFileType = text.plist.xml; path = Info.plist; sourceTree = "<group>"; };
		C52BAC651C5C3D7800FAD67F /* tvChallengeUITests.xctest */ = {isa = PBXFileReference; explicitFileType = wrapper.cfbundle; includeInIndex = 0; path = tvChallengeUITests.xctest; sourceTree = BUILT_PRODUCTS_DIR; };
		C52BAC691C5C3D7800FAD67F /* tvChallengeUITests.swift */ = {isa = PBXFileReference; lastKnownFileType = sourcecode.swift; path = tvChallengeUITests.swift; sourceTree = "<group>"; };
		C52BAC6B1C5C3D7800FAD67F /* Info.plist */ = {isa = PBXFileReference; lastKnownFileType = text.plist.xml; path = Info.plist; sourceTree = "<group>"; };
		C52BAC721C5C3D8500FAD67F /* tvChallenge.entitlements */ = {isa = PBXFileReference; lastKnownFileType = text.xml; path = tvChallenge.entitlements; sourceTree = "<group>"; };
		C57A642B1C5EA92900520CF1 /* ViewController.swift */ = {isa = PBXFileReference; fileEncoding = 4; lastKnownFileType = sourcecode.swift; path = ViewController.swift; sourceTree = "<group>"; };
		C59B5D761C5AFA8D008CF5CA /* Lively.app */ = {isa = PBXFileReference; explicitFileType = wrapper.application; includeInIndex = 0; path = Lively.app; sourceTree = BUILT_PRODUCTS_DIR; };
		C59B5D791C5AFA8D008CF5CA /* AppDelegate.swift */ = {isa = PBXFileReference; lastKnownFileType = sourcecode.swift; path = AppDelegate.swift; sourceTree = "<group>"; };
		C59B5D7E1C5AFA8D008CF5CA /* Base */ = {isa = PBXFileReference; lastKnownFileType = file.storyboard; name = Base; path = Base.lproj/Main.storyboard; sourceTree = "<group>"; };
		C59B5D801C5AFA8D008CF5CA /* Assets.xcassets */ = {isa = PBXFileReference; lastKnownFileType = folder.assetcatalog; path = Assets.xcassets; sourceTree = "<group>"; };
		C59B5D851C5AFA8D008CF5CA /* Info.plist */ = {isa = PBXFileReference; lastKnownFileType = text.plist.xml; path = Info.plist; sourceTree = "<group>"; };
		C59B5D8A1C5AFA8D008CF5CA /* Lively.xctest */ = {isa = PBXFileReference; explicitFileType = wrapper.cfbundle; includeInIndex = 0; path = Lively.xctest; sourceTree = BUILT_PRODUCTS_DIR; };
		C59B5D8E1C5AFA8D008CF5CA /* iOSChallengeUITests.swift */ = {isa = PBXFileReference; lastKnownFileType = sourcecode.swift; path = iOSChallengeUITests.swift; sourceTree = "<group>"; };
		C59B5D901C5AFA8D008CF5CA /* Info.plist */ = {isa = PBXFileReference; lastKnownFileType = text.plist.xml; path = Info.plist; sourceTree = "<group>"; };
		C59B5D991C5B056C008CF5CA /* TripTableViewController.swift */ = {isa = PBXFileReference; fileEncoding = 4; lastKnownFileType = sourcecode.swift; path = TripTableViewController.swift; sourceTree = "<group>"; };
		C59B5D9C1C5B06A9008CF5CA /* Trip.swift */ = {isa = PBXFileReference; fileEncoding = 4; lastKnownFileType = sourcecode.swift; path = Trip.swift; sourceTree = "<group>"; };
		C59B5D9E1C5B09E4008CF5CA /* TripTableViewCell.swift */ = {isa = PBXFileReference; fileEncoding = 4; lastKnownFileType = sourcecode.swift; path = TripTableViewCell.swift; sourceTree = "<group>"; };
		C59B5DA01C5B0E1D008CF5CA /* PhotoViewController.swift */ = {isa = PBXFileReference; fileEncoding = 4; lastKnownFileType = sourcecode.swift; path = PhotoViewController.swift; sourceTree = "<group>"; };
		C59B5DA41C5B12D7008CF5CA /* LaunchScreen.xib */ = {isa = PBXFileReference; fileEncoding = 4; lastKnownFileType = file.xib; name = LaunchScreen.xib; path = ../LaunchScreen.xib; sourceTree = "<group>"; };
		C59E57901C5E7DA000724052 /* TripViewController.swift */ = {isa = PBXFileReference; fileEncoding = 4; lastKnownFileType = sourcecode.swift; name = TripViewController.swift; path = tvChallenge/TVVC/TripViewController.swift; sourceTree = SOURCE_ROOT; };
		C59E57941C5E91D000724052 /* CloudKit.framework */ = {isa = PBXFileReference; lastKnownFileType = wrapper.framework; name = CloudKit.framework; path = System/Library/Frameworks/CloudKit.framework; sourceTree = SDKROOT; };
		C59E57961C5E91DC00724052 /* CloudKit.framework */ = {isa = PBXFileReference; lastKnownFileType = wrapper.framework; name = CloudKit.framework; path = Platforms/AppleTVOS.platform/Developer/SDKs/AppleTVOS9.1.sdk/System/Library/Frameworks/CloudKit.framework; sourceTree = DEVELOPER_DIR; };
		C5E43D6D1C5D252E0041E330 /* TripCollectionViewCell.swift */ = {isa = PBXFileReference; fileEncoding = 4; lastKnownFileType = sourcecode.swift; path = TripCollectionViewCell.swift; sourceTree = "<group>"; };
		C5E43D6F1C5D273E0041E330 /* Moment.swift */ = {isa = PBXFileReference; fileEncoding = 4; lastKnownFileType = sourcecode.swift; path = Moment.swift; sourceTree = "<group>"; };
		C5E43D711C5E75030041E330 /* TripTableViewController.swift */ = {isa = PBXFileReference; fileEncoding = 4; lastKnownFileType = sourcecode.swift; path = TripTableViewController.swift; sourceTree = "<group>"; };
		C5FEA8881C5BFF4E00C3138F /* TripViewController.swift */ = {isa = PBXFileReference; fileEncoding = 4; lastKnownFileType = sourcecode.swift; path = TripViewController.swift; sourceTree = "<group>"; };
		C5FEA88A1C5C0ED900C3138F /* FileHelperFunctions.swift */ = {isa = PBXFileReference; fileEncoding = 4; lastKnownFileType = sourcecode.swift; path = FileHelperFunctions.swift; sourceTree = "<group>"; };
		C5FEA88C1C5C210400C3138F /* MapKit.framework */ = {isa = PBXFileReference; lastKnownFileType = wrapper.framework; name = MapKit.framework; path = System/Library/Frameworks/MapKit.framework; sourceTree = SDKROOT; };
/* End PBXFileReference section */

/* Begin PBXFrameworksBuildPhase section */
		C52BAC521C5C3D7800FAD67F /* Frameworks */ = {
			isa = PBXFrameworksBuildPhase;
			buildActionMask = 2147483647;
			files = (
				C55695981C5EC83F00DA7DC2 /* CloudKit.framework in Frameworks */,
			);
			runOnlyForDeploymentPostprocessing = 0;
		};
		C52BAC621C5C3D7800FAD67F /* Frameworks */ = {
			isa = PBXFrameworksBuildPhase;
			buildActionMask = 2147483647;
			files = (
			);
			runOnlyForDeploymentPostprocessing = 0;
		};
		C59B5D731C5AFA8D008CF5CA /* Frameworks */ = {
			isa = PBXFrameworksBuildPhase;
			buildActionMask = 2147483647;
			files = (
				C5FEA88D1C5C210400C3138F /* MapKit.framework in Frameworks */,
				C59E57951C5E91D000724052 /* CloudKit.framework in Frameworks */,
			);
			runOnlyForDeploymentPostprocessing = 0;
		};
		C59B5D871C5AFA8D008CF5CA /* Frameworks */ = {
			isa = PBXFrameworksBuildPhase;
			buildActionMask = 2147483647;
			files = (
			);
			runOnlyForDeploymentPostprocessing = 0;
		};
/* End PBXFrameworksBuildPhase section */

/* Begin PBXGroup section */
		C51D3BE21C5C40B700F662B8 /* TVVC */ = {
			isa = PBXGroup;
			children = (
				C57A642B1C5EA92900520CF1 /* ViewController.swift */,
				C5E43D711C5E75030041E330 /* TripTableViewController.swift */,
				C59E57901C5E7DA000724052 /* TripViewController.swift */,
				C50809431C5EC0C90050917A /* TripTableViewCell.swift */,
			);
			name = TVVC;
			path = ../iOSChallenge;
			sourceTree = "<group>";
		};
		C52BAC561C5C3D7800FAD67F /* tvChallenge */ = {
			isa = PBXGroup;
			children = (
				C51D3BE21C5C40B700F662B8 /* TVVC */,
				C52BAC721C5C3D8500FAD67F /* tvChallenge.entitlements */,
				C52BAC571C5C3D7800FAD67F /* AppDelegate.swift */,
				C52BAC5B1C5C3D7800FAD67F /* Main.storyboard */,
				C52BAC5E1C5C3D7800FAD67F /* Assets.xcassets */,
				C52BAC601C5C3D7800FAD67F /* Info.plist */,
			);
			path = tvChallenge;
			sourceTree = "<group>";
		};
		C52BAC681C5C3D7800FAD67F /* tvChallengeUITests */ = {
			isa = PBXGroup;
			children = (
				C52BAC691C5C3D7800FAD67F /* tvChallengeUITests.swift */,
				C52BAC6B1C5C3D7800FAD67F /* Info.plist */,
			);
			path = tvChallengeUITests;
			sourceTree = "<group>";
		};
		C59B5D6D1C5AFA8D008CF5CA = {
			isa = PBXGroup;
			children = (
				C59E57961C5E91DC00724052 /* CloudKit.framework */,
				C59E57941C5E91D000724052 /* CloudKit.framework */,
				C59B5D9B1C5B0697008CF5CA /* Model */,
				C5FEA88C1C5C210400C3138F /* MapKit.framework */,
				C59B5D781C5AFA8D008CF5CA /* iOSChallenge */,
				C59B5D8D1C5AFA8D008CF5CA /* iOSChallengeUITests */,
				C52BAC561C5C3D7800FAD67F /* tvChallenge */,
				C52BAC681C5C3D7800FAD67F /* tvChallengeUITests */,
				C59B5D771C5AFA8D008CF5CA /* Products */,
			);
			sourceTree = "<group>";
		};
		C59B5D771C5AFA8D008CF5CA /* Products */ = {
			isa = PBXGroup;
			children = (
				C59B5D761C5AFA8D008CF5CA /* Lively.app */,
				C59B5D8A1C5AFA8D008CF5CA /* Lively.xctest */,
				C52BAC551C5C3D7800FAD67F /* tvChallenge.app */,
				C52BAC651C5C3D7800FAD67F /* tvChallengeUITests.xctest */,
			);
			name = Products;
			sourceTree = "<group>";
		};
		C59B5D781C5AFA8D008CF5CA /* iOSChallenge */ = {
			isa = PBXGroup;
			children = (
				C52BAC4E1C5C3B4000FAD67F /* iOSChallenge.entitlements */,
				C59B5D791C5AFA8D008CF5CA /* AppDelegate.swift */,
				C5FEA88E1C5C21AB00C3138F /* PhoneVC */,
				C59B5D7D1C5AFA8D008CF5CA /* Main.storyboard */,
				C59B5D801C5AFA8D008CF5CA /* Assets.xcassets */,
				C59B5DA41C5B12D7008CF5CA /* LaunchScreen.xib */,
				C59B5D851C5AFA8D008CF5CA /* Info.plist */,
			);
			path = iOSChallenge;
			sourceTree = "<group>";
		};
		C59B5D8D1C5AFA8D008CF5CA /* iOSChallengeUITests */ = {
			isa = PBXGroup;
			children = (
				C59B5D8E1C5AFA8D008CF5CA /* iOSChallengeUITests.swift */,
				C59B5D901C5AFA8D008CF5CA /* Info.plist */,
			);
			path = iOSChallengeUITests;
			sourceTree = "<group>";
		};
		C59B5D9B1C5B0697008CF5CA /* Model */ = {
			isa = PBXGroup;
			children = (
				C5FEA88A1C5C0ED900C3138F /* FileHelperFunctions.swift */,
				C59B5D9C1C5B06A9008CF5CA /* Trip.swift */,
				C5E43D6F1C5D273E0041E330 /* Moment.swift */,
			);
			name = Model;
			path = iOSChallenge;
			sourceTree = "<group>";
		};
		C5FEA88E1C5C21AB00C3138F /* PhoneVC */ = {
			isa = PBXGroup;
			children = (
				C59B5D991C5B056C008CF5CA /* TripTableViewController.swift */,
				C5FEA8881C5BFF4E00C3138F /* TripViewController.swift */,
				C59B5D9E1C5B09E4008CF5CA /* TripTableViewCell.swift */,
				C59B5DA01C5B0E1D008CF5CA /* PhotoViewController.swift */,
				C5E43D6D1C5D252E0041E330 /* TripCollectionViewCell.swift */,
				18CCADF31C5E8764008950F2 /* MapViewController.swift */,
			);
			name = PhoneVC;
			sourceTree = "<group>";
		};
/* End PBXGroup section */

/* Begin PBXNativeTarget section */
		C52BAC541C5C3D7800FAD67F /* tvChallenge */ = {
			isa = PBXNativeTarget;
			buildConfigurationList = C52BAC6C1C5C3D7800FAD67F /* Build configuration list for PBXNativeTarget "tvChallenge" */;
			buildPhases = (
				C52BAC511C5C3D7800FAD67F /* Sources */,
				C52BAC521C5C3D7800FAD67F /* Frameworks */,
				C52BAC531C5C3D7800FAD67F /* Resources */,
			);
			buildRules = (
			);
			dependencies = (
			);
			name = tvChallenge;
			productName = tvChallenge;
			productReference = C52BAC551C5C3D7800FAD67F /* tvChallenge.app */;
			productType = "com.apple.product-type.application";
		};
		C52BAC641C5C3D7800FAD67F /* tvChallengeUITests */ = {
			isa = PBXNativeTarget;
			buildConfigurationList = C52BAC6F1C5C3D7800FAD67F /* Build configuration list for PBXNativeTarget "tvChallengeUITests" */;
			buildPhases = (
				C52BAC611C5C3D7800FAD67F /* Sources */,
				C52BAC621C5C3D7800FAD67F /* Frameworks */,
				C52BAC631C5C3D7800FAD67F /* Resources */,
			);
			buildRules = (
			);
			dependencies = (
				C52BAC671C5C3D7800FAD67F /* PBXTargetDependency */,
			);
			name = tvChallengeUITests;
			productName = tvChallengeUITests;
			productReference = C52BAC651C5C3D7800FAD67F /* tvChallengeUITests.xctest */;
			productType = "com.apple.product-type.bundle.ui-testing";
		};
		C59B5D751C5AFA8D008CF5CA /* Lively */ = {
			isa = PBXNativeTarget;
			buildConfigurationList = C59B5D931C5AFA8D008CF5CA /* Build configuration list for PBXNativeTarget "Lively" */;
			buildPhases = (
				C59B5D721C5AFA8D008CF5CA /* Sources */,
				C59B5D731C5AFA8D008CF5CA /* Frameworks */,
				C59B5D741C5AFA8D008CF5CA /* Resources */,
			);
			buildRules = (
			);
			dependencies = (
			);
			name = Lively;
			productName = iOSChallenge;
			productReference = C59B5D761C5AFA8D008CF5CA /* Lively.app */;
			productType = "com.apple.product-type.application";
		};
		C59B5D891C5AFA8D008CF5CA /* LivelyUITests */ = {
			isa = PBXNativeTarget;
			buildConfigurationList = C59B5D961C5AFA8D008CF5CA /* Build configuration list for PBXNativeTarget "LivelyUITests" */;
			buildPhases = (
				C59B5D861C5AFA8D008CF5CA /* Sources */,
				C59B5D871C5AFA8D008CF5CA /* Frameworks */,
				C59B5D881C5AFA8D008CF5CA /* Resources */,
			);
			buildRules = (
			);
			dependencies = (
				C59B5D8C1C5AFA8D008CF5CA /* PBXTargetDependency */,
			);
			name = LivelyUITests;
			productName = iOSChallengeUITests;
			productReference = C59B5D8A1C5AFA8D008CF5CA /* Lively.xctest */;
			productType = "com.apple.product-type.bundle.ui-testing";
		};
/* End PBXNativeTarget section */

/* Begin PBXProject section */
		C59B5D6E1C5AFA8D008CF5CA /* Project object */ = {
			isa = PBXProject;
			attributes = {
				LastSwiftUpdateCheck = 0720;
				LastUpgradeCheck = 0720;
				ORGANIZATIONNAME = "Sean Maraia";
				TargetAttributes = {
					C52BAC541C5C3D7800FAD67F = {
						CreatedOnToolsVersion = 7.2;
						DevelopmentTeam = ZK6B9E922P;
						SystemCapabilities = {
							com.apple.iCloud = {
								enabled = 1;
							};
						};
					};
					C52BAC641C5C3D7800FAD67F = {
						CreatedOnToolsVersion = 7.2;
						TestTargetID = C52BAC541C5C3D7800FAD67F;
					};
					C59B5D751C5AFA8D008CF5CA = {
						CreatedOnToolsVersion = 7.2;
						DevelopmentTeam = ZK6B9E922P;
						SystemCapabilities = {
							com.apple.Maps.iOS = {
								enabled = 1;
							};
							com.apple.iCloud = {
								enabled = 1;
							};
						};
					};
					C59B5D891C5AFA8D008CF5CA = {
						CreatedOnToolsVersion = 7.2;
						TestTargetID = C59B5D751C5AFA8D008CF5CA;
					};
				};
			};
			buildConfigurationList = C59B5D711C5AFA8D008CF5CA /* Build configuration list for PBXProject "Lively" */;
			compatibilityVersion = "Xcode 3.2";
			developmentRegion = English;
			hasScannedForEncodings = 0;
			knownRegions = (
				en,
				Base,
			);
			mainGroup = C59B5D6D1C5AFA8D008CF5CA;
			productRefGroup = C59B5D771C5AFA8D008CF5CA /* Products */;
			projectDirPath = "";
			projectRoot = "";
			targets = (
				C59B5D751C5AFA8D008CF5CA /* Lively */,
				C59B5D891C5AFA8D008CF5CA /* LivelyUITests */,
				C52BAC541C5C3D7800FAD67F /* tvChallenge */,
				C52BAC641C5C3D7800FAD67F /* tvChallengeUITests */,
			);
		};
/* End PBXProject section */

/* Begin PBXResourcesBuildPhase section */
		C52BAC531C5C3D7800FAD67F /* Resources */ = {
			isa = PBXResourcesBuildPhase;
			buildActionMask = 2147483647;
			files = (
				C52BAC5F1C5C3D7800FAD67F /* Assets.xcassets in Resources */,
				C52BAC5D1C5C3D7800FAD67F /* Main.storyboard in Resources */,
			);
			runOnlyForDeploymentPostprocessing = 0;
		};
		C52BAC631C5C3D7800FAD67F /* Resources */ = {
			isa = PBXResourcesBuildPhase;
			buildActionMask = 2147483647;
			files = (
			);
			runOnlyForDeploymentPostprocessing = 0;
		};
		C59B5D741C5AFA8D008CF5CA /* Resources */ = {
			isa = PBXResourcesBuildPhase;
			buildActionMask = 2147483647;
			files = (
				C59B5DA51C5B12D7008CF5CA /* LaunchScreen.xib in Resources */,
				C59B5D811C5AFA8D008CF5CA /* Assets.xcassets in Resources */,
				C59B5D7F1C5AFA8D008CF5CA /* Main.storyboard in Resources */,
			);
			runOnlyForDeploymentPostprocessing = 0;
		};
		C59B5D881C5AFA8D008CF5CA /* Resources */ = {
			isa = PBXResourcesBuildPhase;
			buildActionMask = 2147483647;
			files = (
			);
			runOnlyForDeploymentPostprocessing = 0;
		};
/* End PBXResourcesBuildPhase section */

/* Begin PBXSourcesBuildPhase section */
		C52BAC511C5C3D7800FAD67F /* Sources */ = {
			isa = PBXSourcesBuildPhase;
			buildActionMask = 2147483647;
			files = (
				C59E578A1C5E7AF400724052 /* Trip.swift in Sources */,
				C59E57911C5E7DA000724052 /* TripViewController.swift in Sources */,
				C59E57891C5E7AF400724052 /* FileHelperFunctions.swift in Sources */,
				C5E43D721C5E75030041E330 /* TripTableViewController.swift in Sources */,
				C50809441C5EC0C90050917A /* TripTableViewCell.swift in Sources */,
				C52BAC581C5C3D7800FAD67F /* AppDelegate.swift in Sources */,
				C57A642C1C5EA92900520CF1 /* ViewController.swift in Sources */,
				C59E578B1C5E7AF400724052 /* Moment.swift in Sources */,
			);
			runOnlyForDeploymentPostprocessing = 0;
		};
		C52BAC611C5C3D7800FAD67F /* Sources */ = {
			isa = PBXSourcesBuildPhase;
			buildActionMask = 2147483647;
			files = (
				C52BAC6A1C5C3D7800FAD67F /* tvChallengeUITests.swift in Sources */,
			);
			runOnlyForDeploymentPostprocessing = 0;
		};
		C59B5D721C5AFA8D008CF5CA /* Sources */ = {
			isa = PBXSourcesBuildPhase;
			buildActionMask = 2147483647;
			files = (
				C5FEA88B1C5C0ED900C3138F /* FileHelperFunctions.swift in Sources */,
				C59B5DA11C5B0E1D008CF5CA /* PhotoViewController.swift in Sources */,
				C59B5D9F1C5B09E4008CF5CA /* TripTableViewCell.swift in Sources */,
				18CCADF41C5E8764008950F2 /* MapViewController.swift in Sources */,
				C59B5D9D1C5B06A9008CF5CA /* Trip.swift in Sources */,
				C5FEA8891C5BFF4E00C3138F /* TripViewController.swift in Sources */,
				C5E43D6E1C5D252E0041E330 /* TripCollectionViewCell.swift in Sources */,
				C59B5D9A1C5B056C008CF5CA /* TripTableViewController.swift in Sources */,
				C59B5D7A1C5AFA8D008CF5CA /* AppDelegate.swift in Sources */,
				C5E43D701C5D273E0041E330 /* Moment.swift in Sources */,
			);
			runOnlyForDeploymentPostprocessing = 0;
		};
		C59B5D861C5AFA8D008CF5CA /* Sources */ = {
			isa = PBXSourcesBuildPhase;
			buildActionMask = 2147483647;
			files = (
				C59B5D8F1C5AFA8D008CF5CA /* iOSChallengeUITests.swift in Sources */,
			);
			runOnlyForDeploymentPostprocessing = 0;
		};
/* End PBXSourcesBuildPhase section */

/* Begin PBXTargetDependency section */
		C52BAC671C5C3D7800FAD67F /* PBXTargetDependency */ = {
			isa = PBXTargetDependency;
			target = C52BAC541C5C3D7800FAD67F /* tvChallenge */;
			targetProxy = C52BAC661C5C3D7800FAD67F /* PBXContainerItemProxy */;
		};
		C59B5D8C1C5AFA8D008CF5CA /* PBXTargetDependency */ = {
			isa = PBXTargetDependency;
			target = C59B5D751C5AFA8D008CF5CA /* Lively */;
			targetProxy = C59B5D8B1C5AFA8D008CF5CA /* PBXContainerItemProxy */;
		};
/* End PBXTargetDependency section */

/* Begin PBXVariantGroup section */
		C52BAC5B1C5C3D7800FAD67F /* Main.storyboard */ = {
			isa = PBXVariantGroup;
			children = (
				C52BAC5C1C5C3D7800FAD67F /* Base */,
			);
			name = Main.storyboard;
			sourceTree = "<group>";
		};
		C59B5D7D1C5AFA8D008CF5CA /* Main.storyboard */ = {
			isa = PBXVariantGroup;
			children = (
				C59B5D7E1C5AFA8D008CF5CA /* Base */,
			);
			name = Main.storyboard;
			sourceTree = "<group>";
		};
/* End PBXVariantGroup section */

/* Begin XCBuildConfiguration section */
		C52BAC6D1C5C3D7800FAD67F /* Debug */ = {
			isa = XCBuildConfiguration;
			buildSettings = {
				ASSETCATALOG_COMPILER_APPICON_NAME = "App Icon & Top Shelf Image";
				ASSETCATALOG_COMPILER_LAUNCHIMAGE_NAME = LaunchImage;
				CODE_SIGN_ENTITLEMENTS = tvChallenge/tvChallenge.entitlements;
				CODE_SIGN_IDENTITY = "iPhone Developer";
				"CODE_SIGN_IDENTITY[sdk=appletvos*]" = "iPhone Developer";
				EMBEDDED_CONTENT_CONTAINS_SWIFT = YES;
				INFOPLIST_FILE = tvChallenge/Info.plist;
				LD_RUNPATH_SEARCH_PATHS = "$(inherited) @executable_path/Frameworks @loader_path/Frameworks";
				PRODUCT_BUNDLE_IDENTIFIER = me.SeanMaraia.LivelyTV;
				PRODUCT_NAME = "$(TARGET_NAME)";
				PROVISIONING_PROFILE = "";
				SDKROOT = appletvos;
				TARGETED_DEVICE_FAMILY = 3;
				TVOS_DEPLOYMENT_TARGET = 9.1;
			};
			name = Debug;
		};
		C52BAC6E1C5C3D7800FAD67F /* Release */ = {
			isa = XCBuildConfiguration;
			buildSettings = {
				ASSETCATALOG_COMPILER_APPICON_NAME = "App Icon & Top Shelf Image";
				ASSETCATALOG_COMPILER_LAUNCHIMAGE_NAME = LaunchImage;
				CODE_SIGN_ENTITLEMENTS = tvChallenge/tvChallenge.entitlements;
				CODE_SIGN_IDENTITY = "iPhone Developer";
				"CODE_SIGN_IDENTITY[sdk=appletvos*]" = "iPhone Developer";
				EMBEDDED_CONTENT_CONTAINS_SWIFT = YES;
				INFOPLIST_FILE = tvChallenge/Info.plist;
				LD_RUNPATH_SEARCH_PATHS = "$(inherited) @executable_path/Frameworks @loader_path/Frameworks";
				PRODUCT_BUNDLE_IDENTIFIER = me.SeanMaraia.LivelyTV;
				PRODUCT_NAME = "$(TARGET_NAME)";
				PROVISIONING_PROFILE = "";
				SDKROOT = appletvos;
				TARGETED_DEVICE_FAMILY = 3;
				TVOS_DEPLOYMENT_TARGET = 9.1;
			};
			name = Release;
		};
		C52BAC701C5C3D7800FAD67F /* Debug */ = {
			isa = XCBuildConfiguration;
			buildSettings = {
				INFOPLIST_FILE = tvChallengeUITests/Info.plist;
				LD_RUNPATH_SEARCH_PATHS = "$(inherited) @executable_path/Frameworks @loader_path/Frameworks";
				PRODUCT_BUNDLE_IDENTIFIER = me.SeanMaraia.tvChallengeUITests;
				PRODUCT_NAME = "$(TARGET_NAME)";
				SDKROOT = appletvos;
				TEST_TARGET_NAME = tvChallenge;
				TVOS_DEPLOYMENT_TARGET = 9.1;
				USES_XCTRUNNER = YES;
			};
			name = Debug;
		};
		C52BAC711C5C3D7800FAD67F /* Release */ = {
			isa = XCBuildConfiguration;
			buildSettings = {
				INFOPLIST_FILE = tvChallengeUITests/Info.plist;
				LD_RUNPATH_SEARCH_PATHS = "$(inherited) @executable_path/Frameworks @loader_path/Frameworks";
				PRODUCT_BUNDLE_IDENTIFIER = me.SeanMaraia.tvChallengeUITests;
				PRODUCT_NAME = "$(TARGET_NAME)";
				SDKROOT = appletvos;
				TEST_TARGET_NAME = tvChallenge;
				TVOS_DEPLOYMENT_TARGET = 9.1;
				USES_XCTRUNNER = YES;
			};
			name = Release;
		};
		C59B5D911C5AFA8D008CF5CA /* Debug */ = {
			isa = XCBuildConfiguration;
			buildSettings = {
				ALWAYS_SEARCH_USER_PATHS = NO;
				CLANG_CXX_LANGUAGE_STANDARD = "gnu++0x";
				CLANG_CXX_LIBRARY = "libc++";
				CLANG_ENABLE_MODULES = YES;
				CLANG_ENABLE_OBJC_ARC = YES;
				CLANG_WARN_BOOL_CONVERSION = YES;
				CLANG_WARN_CONSTANT_CONVERSION = YES;
				CLANG_WARN_DIRECT_OBJC_ISA_USAGE = YES_ERROR;
				CLANG_WARN_EMPTY_BODY = YES;
				CLANG_WARN_ENUM_CONVERSION = YES;
				CLANG_WARN_INT_CONVERSION = YES;
				CLANG_WARN_OBJC_ROOT_CLASS = YES_ERROR;
				CLANG_WARN_UNREACHABLE_CODE = YES;
				CLANG_WARN__DUPLICATE_METHOD_MATCH = YES;
				"CODE_SIGN_IDENTITY[sdk=iphoneos*]" = "iPhone Developer";
				COPY_PHASE_STRIP = NO;
				DEBUG_INFORMATION_FORMAT = dwarf;
				ENABLE_STRICT_OBJC_MSGSEND = YES;
				ENABLE_TESTABILITY = YES;
				GCC_C_LANGUAGE_STANDARD = gnu99;
				GCC_DYNAMIC_NO_PIC = NO;
				GCC_NO_COMMON_BLOCKS = YES;
				GCC_OPTIMIZATION_LEVEL = 0;
				GCC_PREPROCESSOR_DEFINITIONS = (
					"DEBUG=1",
					"$(inherited)",
				);
				GCC_WARN_64_TO_32_BIT_CONVERSION = YES;
				GCC_WARN_ABOUT_RETURN_TYPE = YES_ERROR;
				GCC_WARN_UNDECLARED_SELECTOR = YES;
				GCC_WARN_UNINITIALIZED_AUTOS = YES_AGGRESSIVE;
				GCC_WARN_UNUSED_FUNCTION = YES;
				GCC_WARN_UNUSED_VARIABLE = YES;
				IPHONEOS_DEPLOYMENT_TARGET = 9.2;
				MTL_ENABLE_DEBUG_INFO = YES;
				ONLY_ACTIVE_ARCH = YES;
				SDKROOT = iphoneos;
				SWIFT_OPTIMIZATION_LEVEL = "-Onone";
				TARGETED_DEVICE_FAMILY = "1,2";
			};
			name = Debug;
		};
		C59B5D921C5AFA8D008CF5CA /* Release */ = {
			isa = XCBuildConfiguration;
			buildSettings = {
				ALWAYS_SEARCH_USER_PATHS = NO;
				CLANG_CXX_LANGUAGE_STANDARD = "gnu++0x";
				CLANG_CXX_LIBRARY = "libc++";
				CLANG_ENABLE_MODULES = YES;
				CLANG_ENABLE_OBJC_ARC = YES;
				CLANG_WARN_BOOL_CONVERSION = YES;
				CLANG_WARN_CONSTANT_CONVERSION = YES;
				CLANG_WARN_DIRECT_OBJC_ISA_USAGE = YES_ERROR;
				CLANG_WARN_EMPTY_BODY = YES;
				CLANG_WARN_ENUM_CONVERSION = YES;
				CLANG_WARN_INT_CONVERSION = YES;
				CLANG_WARN_OBJC_ROOT_CLASS = YES_ERROR;
				CLANG_WARN_UNREACHABLE_CODE = YES;
				CLANG_WARN__DUPLICATE_METHOD_MATCH = YES;
				"CODE_SIGN_IDENTITY[sdk=iphoneos*]" = "iPhone Developer";
				COPY_PHASE_STRIP = NO;
				DEBUG_INFORMATION_FORMAT = "dwarf-with-dsym";
				ENABLE_NS_ASSERTIONS = NO;
				ENABLE_STRICT_OBJC_MSGSEND = YES;
				GCC_C_LANGUAGE_STANDARD = gnu99;
				GCC_NO_COMMON_BLOCKS = YES;
				GCC_WARN_64_TO_32_BIT_CONVERSION = YES;
				GCC_WARN_ABOUT_RETURN_TYPE = YES_ERROR;
				GCC_WARN_UNDECLARED_SELECTOR = YES;
				GCC_WARN_UNINITIALIZED_AUTOS = YES_AGGRESSIVE;
				GCC_WARN_UNUSED_FUNCTION = YES;
				GCC_WARN_UNUSED_VARIABLE = YES;
				IPHONEOS_DEPLOYMENT_TARGET = 9.2;
				MTL_ENABLE_DEBUG_INFO = NO;
				SDKROOT = iphoneos;
				TARGETED_DEVICE_FAMILY = "1,2";
				VALIDATE_PRODUCT = YES;
			};
			name = Release;
		};
		C59B5D941C5AFA8D008CF5CA /* Debug */ = {
			isa = XCBuildConfiguration;
			buildSettings = {
				ASSETCATALOG_COMPILER_APPICON_NAME = AppIcon;
				CODE_SIGN_ENTITLEMENTS = iOSChallenge/iOSChallenge.entitlements;
				CODE_SIGN_IDENTITY = "iPhone Developer";
				"CODE_SIGN_IDENTITY[sdk=iphoneos*]" = "iPhone Developer";
				INFOPLIST_FILE = iOSChallenge/Info.plist;
				LD_RUNPATH_SEARCH_PATHS = "$(inherited) @executable_path/Frameworks";
				PRODUCT_BUNDLE_IDENTIFIER = me.SeanMaraia.LivelyiOS;
				PRODUCT_NAME = Lively;
				PROVISIONING_PROFILE = "";
			};
			name = Debug;
		};
		C59B5D951C5AFA8D008CF5CA /* Release */ = {
			isa = XCBuildConfiguration;
			buildSettings = {
				ASSETCATALOG_COMPILER_APPICON_NAME = AppIcon;
				CODE_SIGN_ENTITLEMENTS = iOSChallenge/iOSChallenge.entitlements;
				CODE_SIGN_IDENTITY = "iPhone Developer";
				"CODE_SIGN_IDENTITY[sdk=iphoneos*]" = "iPhone Developer";
				INFOPLIST_FILE = iOSChallenge/Info.plist;
				LD_RUNPATH_SEARCH_PATHS = "$(inherited) @executable_path/Frameworks";
				PRODUCT_BUNDLE_IDENTIFIER = me.SeanMaraia.LivelyiOS;
				PRODUCT_NAME = Lively;
				PROVISIONING_PROFILE = "";
			};
			name = Release;
		};
		C59B5D971C5AFA8D008CF5CA /* Debug */ = {
			isa = XCBuildConfiguration;
			buildSettings = {
				INFOPLIST_FILE = iOSChallengeUITests/Info.plist;
				LD_RUNPATH_SEARCH_PATHS = "$(inherited) @executable_path/Frameworks @loader_path/Frameworks";
				PRODUCT_BUNDLE_IDENTIFIER = me.SeanMaraia.iOSChallengeUITests;
				PRODUCT_NAME = Lively;
				TEST_TARGET_NAME = iOSChallenge;
				USES_XCTRUNNER = YES;
			};
			name = Debug;
		};
		C59B5D981C5AFA8D008CF5CA /* Release */ = {
			isa = XCBuildConfiguration;
			buildSettings = {
				INFOPLIST_FILE = iOSChallengeUITests/Info.plist;
				LD_RUNPATH_SEARCH_PATHS = "$(inherited) @executable_path/Frameworks @loader_path/Frameworks";
				PRODUCT_BUNDLE_IDENTIFIER = me.SeanMaraia.iOSChallengeUITests;
				PRODUCT_NAME = Lively;
				TEST_TARGET_NAME = iOSChallenge;
				USES_XCTRUNNER = YES;
			};
			name = Release;
		};
/* End XCBuildConfiguration section */

/* Begin XCConfigurationList section */
		C52BAC6C1C5C3D7800FAD67F /* Build configuration list for PBXNativeTarget "tvChallenge" */ = {
			isa = XCConfigurationList;
			buildConfigurations = (
				C52BAC6D1C5C3D7800FAD67F /* Debug */,
				C52BAC6E1C5C3D7800FAD67F /* Release */,
			);
			defaultConfigurationIsVisible = 0;
			defaultConfigurationName = Release;
		};
		C52BAC6F1C5C3D7800FAD67F /* Build configuration list for PBXNativeTarget "tvChallengeUITests" */ = {
			isa = XCConfigurationList;
			buildConfigurations = (
				C52BAC701C5C3D7800FAD67F /* Debug */,
				C52BAC711C5C3D7800FAD67F /* Release */,
			);
			defaultConfigurationIsVisible = 0;
			defaultConfigurationName = Release;
		};
		C59B5D711C5AFA8D008CF5CA /* Build configuration list for PBXProject "Lively" */ = {
			isa = XCConfigurationList;
			buildConfigurations = (
				C59B5D911C5AFA8D008CF5CA /* Debug */,
				C59B5D921C5AFA8D008CF5CA /* Release */,
			);
			defaultConfigurationIsVisible = 0;
			defaultConfigurationName = Release;
		};
		C59B5D931C5AFA8D008CF5CA /* Build configuration list for PBXNativeTarget "Lively" */ = {
			isa = XCConfigurationList;
			buildConfigurations = (
				C59B5D941C5AFA8D008CF5CA /* Debug */,
				C59B5D951C5AFA8D008CF5CA /* Release */,
			);
			defaultConfigurationIsVisible = 0;
			defaultConfigurationName = Release;
		};
		C59B5D961C5AFA8D008CF5CA /* Build configuration list for PBXNativeTarget "LivelyUITests" */ = {
			isa = XCConfigurationList;
			buildConfigurations = (
				C59B5D971C5AFA8D008CF5CA /* Debug */,
				C59B5D981C5AFA8D008CF5CA /* Release */,
			);
			defaultConfigurationIsVisible = 0;
			defaultConfigurationName = Release;
		};
/* End XCConfigurationList section */
	};
	rootObject = C59B5D6E1C5AFA8D008CF5CA /* Project object */;
}
